<Solution>
  <Folder Name="/Meta/">
    <File Path=".config/dotnet-tools.json" />
    <File Path="CHANGELOG.md" />
    <File Path="CODE_OF_CONDUCT.md" />
    <File Path="Directory.Build.props" />
    <File Path="global.json" />
    <File Path="LICENSE" />
    <File Path="MAINTENANCE.md" />
    <File Path="NuGet.config" />
    <File Path="src/packages.lock.json" />
  </Folder>
  <Folder Name="/Meta/workflows/">
    <File Path=".github/workflows/continuous-integration.yml" />
  </Folder>
  <Folder Name="/src/">
    <Project Path="src/WorkaroundSqlClientIssue26.csproj" />
  </Folder>
  <Folder Name="/tests/">
    <File Path="tests/Directory.Build.props" />
    <File Path="tests/Directory.Build.targets" />
    <Project Path="tests/EF10/WorkaroundSqlClientIssue26.EF10.Tests.csproj" />
  </Folder>
  <Folder Name="/tools/">
    <Project Path="tools/scaffold/scaffold.csproj" />
  </Folder>
</Solution>